
Microsoft Visual Studio Solution File, Format Version 12.00
# Visual Studio Version 17
VisualStudioVersion = 17.14.36429.23
MinimumVisualStudioVersion = 10.0.40219.1
Project("{2150E333-8FDC-42A3-9474-1A3956D46DE8}") = "Task0", "Task0", "{02EA681E-C7D8-13C7-8484-4AC65E1B71E8}"
EndProject
Project("{2150E333-8FDC-42A3-9474-1A3956D46DE8}") = "Task1", "Task1", "{191D3E96-54F7-45DF-87E1-8DE43A448F10}"
EndProject
Project("{2150E333-8FDC-42A3-9474-1A3956D46DE8}") = "Task2", "Task2", "{CB4B9804-6457-4E74-B2A0-D500A94C173F}"
EndProject
Project("{2150E333-8FDC-42A3-9474-1A3956D46DE8}") = "Task3", "Task3", "{1D1288FF-617A-4712-B329-CB6A2B3FD87A}"
EndProject
Project("{2150E333-8FDC-42A3-9474-1A3956D46DE8}") = "Task4", "Task4", "{A512DAFC-F77F-4159-9C11-30EA1D6F761E}"
EndProject
Project("{2150E333-8FDC-42A3-9474-1A3956D46DE8}") = "Task5", "Task5", "{1F10DE93-FE99-4D0B-9135-6586C10791FB}"
EndProject
Project("{2150E333-8FDC-42A3-9474-1A3956D46DE8}") = "Task6", "Task6", "{A8D0DDAD-AB7D-4196-B9D5-B3DB80E4AF7B}"
EndProject
Project("{2150E333-8FDC-42A3-9474-1A3956D46DE8}") = "Task7", "Task7", "{06DE5ED3-F4B7-4DB5-B7C2-3CB64A401059}"
EndProject
Project("{FAE04EC0-301F-11D3-BF4B-00C04F79EFBC}") = "Tyuiu.KazachekI.Sprint5.Task0.V11", "Tyuiu.KazachekI.Sprint5.Task0.V11\Tyuiu.KazachekI.Sprint5.Task0.V11.csproj", "{BD76A988-10D9-4CE9-ACB5-77E0A10DA0DC}"
EndProject
Project("{FAE04EC0-301F-11D3-BF4B-00C04F79EFBC}") = "Tyuiu.KazachekI.Sprint5.Task0.V11.Lib", "Tyuiu.KazachekI.Sprint5.Task0.V11.Lib\Tyuiu.KazachekI.Sprint5.Task0.V11.Lib.csproj", "{23524C67-3BEE-407C-BE12-8C29F5CD5DC1}"
EndProject
Project("{FAE04EC0-301F-11D3-BF4B-00C04F79EFBC}") = "Tyuiu.KazachekI.Sprint5.Task0.V11.Test", "Tyuiu.KazachekI.Sprint5.Task0.V11.Test\Tyuiu.KazachekI.Sprint5.Task0.V11.Test.csproj", "{563BD24B-84B1-4A07-9AFD-03171F09851F}"
EndProject
Project("{FAE04EC0-301F-11D3-BF4B-00C04F79EFBC}") = "Tyuiu.KazachekI.Sprint5.Task1.V26", "Tyuiu.KazachekI.Sprint5.Task1.V26\Tyuiu.KazachekI.Sprint5.Task1.V26.csproj", "{B959B641-3FDD-4812-AA3A-5451111BE94C}"
EndProject
Project("{FAE04EC0-301F-11D3-BF4B-00C04F79EFBC}") = "Tyuiu.KazachekI.Sprint5.Task1.V26.Lib", "Tyuiu.KazachekI.Sprint5.Task1.V26.Lib\Tyuiu.KazachekI.Sprint5.Task1.V26.Lib.csproj", "{8D8217C2-0BF9-4183-9AA4-15E609F70ECD}"
EndProject
Project("{FAE04EC0-301F-11D3-BF4B-00C04F79EFBC}") = "Tyuiu.KazachekI.Sprint5.Task1.V26.Test", "Tyuiu.KazachekI.Sprint5.Task1.V26.Test\Tyuiu.KazachekI.Sprint5.Task1.V26.Test.csproj", "{5DC1CBFC-2C9B-44A6-B9CE-7AFA2B698D83}"
EndProject
Project("{FAE04EC0-301F-11D3-BF4B-00C04F79EFBC}") = "Tyuiu.KazachekI.Sprint5.Task2.V7", "Tyuiu.KazachekI.Sprint5.Task2.V7\Tyuiu.KazachekI.Sprint5.Task2.V7.csproj", "{2FFAF3B1-4EB2-4D90-A28D-27188E56C5D5}"
EndProject
Project("{FAE04EC0-301F-11D3-BF4B-00C04F79EFBC}") = "Tyuiu.KazachekI.Sprint5.Task2.V7.Lib", "Tyuiu.KazachekI.Sprint5.Task2.V7.Lib\Tyuiu.KazachekI.Sprint5.Task2.V7.Lib.csproj", "{91A7E44A-36DC-4B4C-922B-0F65C4677373}"
EndProject
Project("{FAE04EC0-301F-11D3-BF4B-00C04F79EFBC}") = "Tyuiu.KazachekI.Sprint5.Task2.V7.Test", "Tyuiu.KazachekI.Sprint5.Task2.V7.Test\Tyuiu.KazachekI.Sprint5.Task2.V7.Test.csproj", "{975FFD02-FEAA-4971-8FF0-3F4910BEDE7E}"
EndProject
Project("{FAE04EC0-301F-11D3-BF4B-00C04F79EFBC}") = "Tyuiu.KazachekI.Sprint5.Task3.V10", "Tyuiu.KazachekI.Sprint5.Task3.V10\Tyuiu.KazachekI.Sprint5.Task3.V10.csproj", "{DA1CD9CF-E552-4CF5-824C-71FAB425F882}"
EndProject
Project("{FAE04EC0-301F-11D3-BF4B-00C04F79EFBC}") = "Tyuiu.KazachekI.Sprint5.Task3.V10.Lib", "Tyuiu.KazachekI.Sprint5.Task3.V10.Lib\Tyuiu.KazachekI.Sprint5.Task3.V10.Lib.csproj", "{49DF6DF1-C1E3-47D3-815F-3F7F5F6060E7}"
EndProject
Project("{FAE04EC0-301F-11D3-BF4B-00C04F79EFBC}") = "Tyuiu.KazachekI.Sprint5.Task3.V10.Test", "Tyuiu.KazachekI.Sprint5.Task3.V10.Test\Tyuiu.KazachekI.Sprint5.Task3.V10.Test.csproj", "{06185194-B097-403A-8021-976D6BA8BA0A}"
EndProject
Project("{FAE04EC0-301F-11D3-BF4B-00C04F79EFBC}") = "Tyuiu.KazachekI.Sprint5.Task4.V7", "Tyuiu.KazachekI.Sprint5.Task4.V7\Tyuiu.KazachekI.Sprint5.Task4.V7.csproj", "{997379DA-19A1-45EA-818E-12AC5F87799D}"
EndProject
Project("{FAE04EC0-301F-11D3-BF4B-00C04F79EFBC}") = "Tyuiu.KazachekI.Sprint5.Task4.V7.Lib", "Tyuiu.KazachekI.Sprint5.Task4.V7.Lib\Tyuiu.KazachekI.Sprint5.Task4.V7.Lib.csproj", "{4B18D402-4D4F-4DCD-8429-B920C643D1CB}"
EndProject
Project("{FAE04EC0-301F-11D3-BF4B-00C04F79EFBC}") = "Tyuiu.KazachekI.Sprint5.Task4.V7.Test", "Tyuiu.KazachekI.Sprint5.Task4.V7.Test\Tyuiu.KazachekI.Sprint5.Task4.V7.Test.csproj", "{6BDAC072-6B9E-46A9-A2A1-F9D1E58BA25A}"
EndProject
Project("{FAE04EC0-301F-11D3-BF4B-00C04F79EFBC}") = "Tyuiu.KazachekI.Sprint5.Task5.V19", "Tyuiu.KazachekI.Sprint5.Task5.V19\Tyuiu.KazachekI.Sprint5.Task5.V19.csproj", "{428EA340-B037-4004-B289-A0D63B465361}"
EndProject
Project("{FAE04EC0-301F-11D3-BF4B-00C04F79EFBC}") = "Tyuiu.KazachekI.Sprint5.Task5.V19.Lib", "Tyuiu.KazachekI.Sprint5.Task5.V19.Lib\Tyuiu.KazachekI.Sprint5.Task5.V19.Lib.csproj", "{666C939E-6133-48C1-8C2C-9540ADEF677E}"
EndProject
Project("{FAE04EC0-301F-11D3-BF4B-00C04F79EFBC}") = "Tyuiu.KazachekI.Sprint5.Task5.V19.Test", "Tyuiu.KazachekI.Sprint5.Task5.V19.Test\Tyuiu.KazachekI.Sprint5.Task5.V19.Test.csproj", "{6C086542-6C02-4042-9FFD-411E8DD54CA8}"
EndProject
Project("{FAE04EC0-301F-11D3-BF4B-00C04F79EFBC}") = "Tyuiu.KazachekI.Sprint5.Task6.V23", "Tyuiu.KazachekI.Sprint5.Task6.V23\Tyuiu.KazachekI.Sprint5.Task6.V23.csproj", "{EDFA88CD-B0CB-4704-8E93-ECFA46929678}"
EndProject
Project("{FAE04EC0-301F-11D3-BF4B-00C04F79EFBC}") = "Tyuiu.KazachekI.Sprint5.Task6.V23.Lib", "Tyuiu.KazachekI.Sprint5.Task6.V23.Lib\Tyuiu.KazachekI.Sprint5.Task6.V23.Lib.csproj", "{40B8A5FA-0B6D-4A3D-B9E3-87C403830908}"
EndProject
Project("{FAE04EC0-301F-11D3-BF4B-00C04F79EFBC}") = "Tyuiu.KazachekI.Sprint5.Task6.V23.Test", "Tyuiu.KazachekI.Sprint5.Task6.V23.Test\Tyuiu.KazachekI.Sprint5.Task6.V23.Test.csproj", "{B98DEA20-A048-46CF-902F-7B8107C9BC8E}"
EndProject
Project("{FAE04EC0-301F-11D3-BF4B-00C04F79EFBC}") = "Tyuiu.KazachekI.Sprint5.Task7.V26", "Tyuiu.KazachekI.Sprint5.Task7.V26\Tyuiu.KazachekI.Sprint5.Task7.V26.csproj", "{8FE7CA51-2AD6-4097-9B6A-42DB23A33581}"
EndProject
Project("{FAE04EC0-301F-11D3-BF4B-00C04F79EFBC}") = "Tyuiu.KazachekI.Sprint5.Task7.V26.Lib", "Tyuiu.KazachekI.Sprint5.Task7.V26.Lib\Tyuiu.KazachekI.Sprint5.Task7.V26.Lib.csproj", "{5FCA64A6-6F72-498C-9966-124A238A0B38}"
EndProject
Project("{FAE04EC0-301F-11D3-BF4B-00C04F79EFBC}") = "Tyuiu.KazachekI.Sprint5.Task7.V26.Test", "Tyuiu.KazachekI.Sprint5.Task7.V26.Test\Tyuiu.KazachekI.Sprint5.Task7.V26.Test.csproj", "{200BAAB5-AF2D-4301-A052-B8F12276E8C5}"
EndProject
Global
	GlobalSection(SolutionConfigurationPlatforms) = preSolution
		Debug|Any CPU = Debug|Any CPU
		Release|Any CPU = Release|Any CPU
	EndGlobalSection
	GlobalSection(ProjectConfigurationPlatforms) = postSolution
		{BD76A988-10D9-4CE9-ACB5-77E0A10DA0DC}.Debug|Any CPU.ActiveCfg = Debug|Any CPU
		{BD76A988-10D9-4CE9-ACB5-77E0A10DA0DC}.Debug|Any CPU.Build.0 = Debug|Any CPU
		{BD76A988-10D9-4CE9-ACB5-77E0A10DA0DC}.Release|Any CPU.ActiveCfg = Release|Any CPU
		{BD76A988-10D9-4CE9-ACB5-77E0A10DA0DC}.Release|Any CPU.Build.0 = Release|Any CPU
		{23524C67-3BEE-407C-BE12-8C29F5CD5DC1}.Debug|Any CPU.ActiveCfg = Debug|Any CPU
		{23524C67-3BEE-407C-BE12-8C29F5CD5DC1}.Debug|Any CPU.Build.0 = Debug|Any CPU
		{23524C67-3BEE-407C-BE12-8C29F5CD5DC1}.Release|Any CPU.ActiveCfg = Release|Any CPU
		{23524C67-3BEE-407C-BE12-8C29F5CD5DC1}.Release|Any CPU.Build.0 = Release|Any CPU
		{563BD24B-84B1-4A07-9AFD-03171F09851F}.Debug|Any CPU.ActiveCfg = Debug|Any CPU
		{563BD24B-84B1-4A07-9AFD-03171F09851F}.Debug|Any CPU.Build.0 = Debug|Any CPU
		{563BD24B-84B1-4A07-9AFD-03171F09851F}.Release|Any CPU.ActiveCfg = Release|Any CPU
		{563BD24B-84B1-4A07-9AFD-03171F09851F}.Release|Any CPU.Build.0 = Release|Any CPU
		{B959B641-3FDD-4812-AA3A-5451111BE94C}.Debug|Any CPU.ActiveCfg = Debug|Any CPU
		{B959B641-3FDD-4812-AA3A-5451111BE94C}.Debug|Any CPU.Build.0 = Debug|Any CPU
		{B959B641-3FDD-4812-AA3A-5451111BE94C}.Release|Any CPU.ActiveCfg = Release|Any CPU
		{B959B641-3FDD-4812-AA3A-5451111BE94C}.Release|Any CPU.Build.0 = Release|Any CPU
		{8D8217C2-0BF9-4183-9AA4-15E609F70ECD}.Debug|Any CPU.ActiveCfg = Debug|Any CPU
		{8D8217C2-0BF9-4183-9AA4-15E609F70ECD}.Debug|Any CPU.Build.0 = Debug|Any CPU
		{8D8217C2-0BF9-4183-9AA4-15E609F70ECD}.Release|Any CPU.ActiveCfg = Release|Any CPU
		{8D8217C2-0BF9-4183-9AA4-15E609F70ECD}.Release|Any CPU.Build.0 = Release|Any CPU
		{5DC1CBFC-2C9B-44A6-B9CE-7AFA2B698D83}.Debug|Any CPU.ActiveCfg = Debug|Any CPU
		{5DC1CBFC-2C9B-44A6-B9CE-7AFA2B698D83}.Debug|Any CPU.Build.0 = Debug|Any CPU
		{5DC1CBFC-2C9B-44A6-B9CE-7AFA2B698D83}.Release|Any CPU.ActiveCfg = Release|Any CPU
		{5DC1CBFC-2C9B-44A6-B9CE-7AFA2B698D83}.Release|Any CPU.Build.0 = Release|Any CPU
		{2FFAF3B1-4EB2-4D90-A28D-27188E56C5D5}.Debug|Any CPU.ActiveCfg = Debug|Any CPU
		{2FFAF3B1-4EB2-4D90-A28D-27188E56C5D5}.Debug|Any CPU.Build.0 = Debug|Any CPU
		{2FFAF3B1-4EB2-4D90-A28D-27188E56C5D5}.Release|Any CPU.ActiveCfg = Release|Any CPU
		{2FFAF3B1-4EB2-4D90-A28D-27188E56C5D5}.Release|Any CPU.Build.0 = Release|Any CPU
		{91A7E44A-36DC-4B4C-922B-0F65C4677373}.Debug|Any CPU.ActiveCfg = Debug|Any CPU
		{91A7E44A-36DC-4B4C-922B-0F65C4677373}.Debug|Any CPU.Build.0 = Debug|Any CPU
		{91A7E44A-36DC-4B4C-922B-0F65C4677373}.Release|Any CPU.ActiveCfg = Release|Any CPU
		{91A7E44A-36DC-4B4C-922B-0F65C4677373}.Release|Any CPU.Build.0 = Release|Any CPU
		{975FFD02-FEAA-4971-8FF0-3F4910BEDE7E}.Debug|Any CPU.ActiveCfg = Debug|Any CPU
		{975FFD02-FEAA-4971-8FF0-3F4910BEDE7E}.Debug|Any CPU.Build.0 = Debug|Any CPU
		{975FFD02-FEAA-4971-8FF0-3F4910BEDE7E}.Release|Any CPU.ActiveCfg = Release|Any CPU
		{975FFD02-FEAA-4971-8FF0-3F4910BEDE7E}.Release|Any CPU.Build.0 = Release|Any CPU
		{DA1CD9CF-E552-4CF5-824C-71FAB425F882}.Debug|Any CPU.ActiveCfg = Debug|Any CPU
		{DA1CD9CF-E552-4CF5-824C-71FAB425F882}.Debug|Any CPU.Build.0 = Debug|Any CPU
		{DA1CD9CF-E552-4CF5-824C-71FAB425F882}.Release|Any CPU.ActiveCfg = Release|Any CPU
		{DA1CD9CF-E552-4CF5-824C-71FAB425F882}.Release|Any CPU.Build.0 = Release|Any CPU
		{49DF6DF1-C1E3-47D3-815F-3F7F5F6060E7}.Debug|Any CPU.ActiveCfg = Debug|Any CPU
		{49DF6DF1-C1E3-47D3-815F-3F7F5F6060E7}.Debug|Any CPU.Build.0 = Debug|Any CPU
		{49DF6DF1-C1E3-47D3-815F-3F7F5F6060E7}.Release|Any CPU.ActiveCfg = Release|Any CPU
		{49DF6DF1-C1E3-47D3-815F-3F7F5F6060E7}.Release|Any CPU.Build.0 = Release|Any CPU
		{06185194-B097-403A-8021-976D6BA8BA0A}.Debug|Any CPU.ActiveCfg = Debug|Any CPU
		{06185194-B097-403A-8021-976D6BA8BA0A}.Debug|Any CPU.Build.0 = Debug|Any CPU
		{06185194-B097-403A-8021-976D6BA8BA0A}.Release|Any CPU.ActiveCfg = Release|Any CPU
		{06185194-B097-403A-8021-976D6BA8BA0A}.Release|Any CPU.Build.0 = Release|Any CPU
		{997379DA-19A1-45EA-818E-12AC5F87799D}.Debug|Any CPU.ActiveCfg = Debug|Any CPU
		{997379DA-19A1-45EA-818E-12AC5F87799D}.Debug|Any CPU.Build.0 = Debug|Any CPU
		{997379DA-19A1-45EA-818E-12AC5F87799D}.Release|Any CPU.ActiveCfg = Release|Any CPU
		{997379DA-19A1-45EA-818E-12AC5F87799D}.Release|Any CPU.Build.0 = Release|Any CPU
		{4B18D402-4D4F-4DCD-8429-B920C643D1CB}.Debug|Any CPU.ActiveCfg = Debug|Any CPU
		{4B18D402-4D4F-4DCD-8429-B920C643D1CB}.Debug|Any CPU.Build.0 = Debug|Any CPU
		{4B18D402-4D4F-4DCD-8429-B920C643D1CB}.Release|Any CPU.ActiveCfg = Release|Any CPU
		{4B18D402-4D4F-4DCD-8429-B920C643D1CB}.Release|Any CPU.Build.0 = Release|Any CPU
		{6BDAC072-6B9E-46A9-A2A1-F9D1E58BA25A}.Debug|Any CPU.ActiveCfg = Debug|Any CPU
		{6BDAC072-6B9E-46A9-A2A1-F9D1E58BA25A}.Debug|Any CPU.Build.0 = Debug|Any CPU
		{6BDAC072-6B9E-46A9-A2A1-F9D1E58BA25A}.Release|Any CPU.ActiveCfg = Release|Any CPU
		{6BDAC072-6B9E-46A9-A2A1-F9D1E58BA25A}.Release|Any CPU.Build.0 = Release|Any CPU
		{428EA340-B037-4004-B289-A0D63B465361}.Debug|Any CPU.ActiveCfg = Debug|Any CPU
		{428EA340-B037-4004-B289-A0D63B465361}.Debug|Any CPU.Build.0 = Debug|Any CPU
		{428EA340-B037-4004-B289-A0D63B465361}.Release|Any CPU.ActiveCfg = Release|Any CPU
		{428EA340-B037-4004-B289-A0D63B465361}.Release|Any CPU.Build.0 = Release|Any CPU
		{666C939E-6133-48C1-8C2C-9540ADEF677E}.Debug|Any CPU.ActiveCfg = Debug|Any CPU
		{666C939E-6133-48C1-8C2C-9540ADEF677E}.Debug|Any CPU.Build.0 = Debug|Any CPU
		{666C939E-6133-48C1-8C2C-9540ADEF677E}.Release|Any CPU.ActiveCfg = Release|Any CPU
		{666C939E-6133-48C1-8C2C-9540ADEF677E}.Release|Any CPU.Build.0 = Release|Any CPU
		{6C086542-6C02-4042-9FFD-411E8DD54CA8}.Debug|Any CPU.ActiveCfg = Debug|Any CPU
		{6C086542-6C02-4042-9FFD-411E8DD54CA8}.Debug|Any CPU.Build.0 = Debug|Any CPU
		{6C086542-6C02-4042-9FFD-411E8DD54CA8}.Release|Any CPU.ActiveCfg = Release|Any CPU
		{6C086542-6C02-4042-9FFD-411E8DD54CA8}.Release|Any CPU.Build.0 = Release|Any CPU
		{EDFA88CD-B0CB-4704-8E93-ECFA46929678}.Debug|Any CPU.ActiveCfg = Debug|Any CPU
		{EDFA88CD-B0CB-4704-8E93-ECFA46929678}.Debug|Any CPU.Build.0 = Debug|Any CPU
		{EDFA88CD-B0CB-4704-8E93-ECFA46929678}.Release|Any CPU.ActiveCfg = Release|Any CPU
		{EDFA88CD-B0CB-4704-8E93-ECFA46929678}.Release|Any CPU.Build.0 = Release|Any CPU
		{40B8A5FA-0B6D-4A3D-B9E3-87C403830908}.Debug|Any CPU.ActiveCfg = Debug|Any CPU
		{40B8A5FA-0B6D-4A3D-B9E3-87C403830908}.Debug|Any CPU.Build.0 = Debug|Any CPU
		{40B8A5FA-0B6D-4A3D-B9E3-87C403830908}.Release|Any CPU.ActiveCfg = Release|Any CPU
		{40B8A5FA-0B6D-4A3D-B9E3-87C403830908}.Release|Any CPU.Build.0 = Release|Any CPU
		{B98DEA20-A048-46CF-902F-7B8107C9BC8E}.Debug|Any CPU.ActiveCfg = Debug|Any CPU
		{B98DEA20-A048-46CF-902F-7B8107C9BC8E}.Debug|Any CPU.Build.0 = Debug|Any CPU
		{B98DEA20-A048-46CF-902F-7B8107C9BC8E}.Release|Any CPU.ActiveCfg = Release|Any CPU
		{B98DEA20-A048-46CF-902F-7B8107C9BC8E}.Release|Any CPU.Build.0 = Release|Any CPU
		{8FE7CA51-2AD6-4097-9B6A-42DB23A33581}.Debug|Any CPU.ActiveCfg = Debug|Any CPU
		{8FE7CA51-2AD6-4097-9B6A-42DB23A33581}.Debug|Any CPU.Build.0 = Debug|Any CPU
		{8FE7CA51-2AD6-4097-9B6A-42DB23A33581}.Release|Any CPU.ActiveCfg = Release|Any CPU
		{8FE7CA51-2AD6-4097-9B6A-42DB23A33581}.Release|Any CPU.Build.0 = Release|Any CPU
		{5FCA64A6-6F72-498C-9966-124A238A0B38}.Debug|Any CPU.ActiveCfg = Debug|Any CPU
		{5FCA64A6-6F72-498C-9966-124A238A0B38}.Debug|Any CPU.Build.0 = Debug|Any CPU
		{5FCA64A6-6F72-498C-9966-124A238A0B38}.Release|Any CPU.ActiveCfg = Release|Any CPU
		{5FCA64A6-6F72-498C-9966-124A238A0B38}.Release|Any CPU.Build.0 = Release|Any CPU
		{200BAAB5-AF2D-4301-A052-B8F12276E8C5}.Debug|Any CPU.ActiveCfg = Debug|Any CPU
		{200BAAB5-AF2D-4301-A052-B8F12276E8C5}.Debug|Any CPU.Build.0 = Debug|Any CPU
		{200BAAB5-AF2D-4301-A052-B8F12276E8C5}.Release|Any CPU.ActiveCfg = Release|Any CPU
		{200BAAB5-AF2D-4301-A052-B8F12276E8C5}.Release|Any CPU.Build.0 = Release|Any CPU
	EndGlobalSection
	GlobalSection(SolutionProperties) = preSolution
		HideSolutionNode = FALSE
	EndGlobalSection
	GlobalSection(NestedProjects) = preSolution
		{BD76A988-10D9-4CE9-ACB5-77E0A10DA0DC} = {02EA681E-C7D8-13C7-8484-4AC65E1B71E8}
		{23524C67-3BEE-407C-BE12-8C29F5CD5DC1} = {02EA681E-C7D8-13C7-8484-4AC65E1B71E8}
		{563BD24B-84B1-4A07-9AFD-03171F09851F} = {02EA681E-C7D8-13C7-8484-4AC65E1B71E8}
		{B959B641-3FDD-4812-AA3A-5451111BE94C} = {191D3E96-54F7-45DF-87E1-8DE43A448F10}
		{8D8217C2-0BF9-4183-9AA4-15E609F70ECD} = {191D3E96-54F7-45DF-87E1-8DE43A448F10}
		{5DC1CBFC-2C9B-44A6-B9CE-7AFA2B698D83} = {191D3E96-54F7-45DF-87E1-8DE43A448F10}
		{2FFAF3B1-4EB2-4D90-A28D-27188E56C5D5} = {CB4B9804-6457-4E74-B2A0-D500A94C173F}
		{91A7E44A-36DC-4B4C-922B-0F65C4677373} = {CB4B9804-6457-4E74-B2A0-D500A94C173F}
		{975FFD02-FEAA-4971-8FF0-3F4910BEDE7E} = {CB4B9804-6457-4E74-B2A0-D500A94C173F}
		{DA1CD9CF-E552-4CF5-824C-71FAB425F882} = {1D1288FF-617A-4712-B329-CB6A2B3FD87A}
		{49DF6DF1-C1E3-47D3-815F-3F7F5F6060E7} = {1D1288FF-617A-4712-B329-CB6A2B3FD87A}
		{06185194-B097-403A-8021-976D6BA8BA0A} = {1D1288FF-617A-4712-B329-CB6A2B3FD87A}
		{997379DA-19A1-45EA-818E-12AC5F87799D} = {A512DAFC-F77F-4159-9C11-30EA1D6F761E}
		{4B18D402-4D4F-4DCD-8429-B920C643D1CB} = {A512DAFC-F77F-4159-9C11-30EA1D6F761E}
		{6BDAC072-6B9E-46A9-A2A1-F9D1E58BA25A} = {A512DAFC-F77F-4159-9C11-30EA1D6F761E}
		{428EA340-B037-4004-B289-A0D63B465361} = {1F10DE93-FE99-4D0B-9135-6586C10791FB}
		{666C939E-6133-48C1-8C2C-9540ADEF677E} = {1F10DE93-FE99-4D0B-9135-6586C10791FB}
		{6C086542-6C02-4042-9FFD-411E8DD54CA8} = {1F10DE93-FE99-4D0B-9135-6586C10791FB}
		{EDFA88CD-B0CB-4704-8E93-ECFA46929678} = {A8D0DDAD-AB7D-4196-B9D5-B3DB80E4AF7B}
		{40B8A5FA-0B6D-4A3D-B9E3-87C403830908} = {A8D0DDAD-AB7D-4196-B9D5-B3DB80E4AF7B}
		{B98DEA20-A048-46CF-902F-7B8107C9BC8E} = {A8D0DDAD-AB7D-4196-B9D5-B3DB80E4AF7B}
		{8FE7CA51-2AD6-4097-9B6A-42DB23A33581} = {06DE5ED3-F4B7-4DB5-B7C2-3CB64A401059}
		{5FCA64A6-6F72-498C-9966-124A238A0B38} = {06DE5ED3-F4B7-4DB5-B7C2-3CB64A401059}
		{200BAAB5-AF2D-4301-A052-B8F12276E8C5} = {06DE5ED3-F4B7-4DB5-B7C2-3CB64A401059}
	EndGlobalSection
	GlobalSection(ExtensibilityGlobals) = postSolution
		SolutionGuid = {C7C055D4-926C-4D59-852F-18262428B395}
	EndGlobalSection
EndGlobal
